
Microsoft Visual Studio Solution File, Format Version 12.00
# Visual Studio Version 17
VisualStudioVersion = 17.8.34525.116
MinimumVisualStudioVersion = 10.0.40219.1
Project("{9A19103F-16F7-4668-BE54-9A1E7A4F7556}") = "StudentAssignment", "StudentAssignment.csproj", "{E94C2D5B-52BB-44AB-AA90-02FBB6BC55FA}"
EndProject
Project("{9A19103F-16F7-4668-BE54-9A1E7A4F7556}") = "Application", "..\Application\Application.csproj", "{6D3EFDCE-6D15-43A3-8ABC-2AC8D889617B}"
EndProject
Project("{9A19103F-16F7-4668-BE54-9A1E7A4F7556}") = "Infrastructure", "..\Infrastructure\Infrastructure.csproj", "{3AFC57B3-1242-4459-A546-1ADD8203854F}"
EndProject
Project("{9A19103F-16F7-4668-BE54-9A1E7A4F7556}") = "Domain", "..\Domain\Domain.csproj", "{B059CCA9-E9F3-4665-9152-8491CB5C097B}"
EndProject
Project("{FAE04EC0-301F-11D3-BF4B-00C04F79EFBC}") = "Tests", "..\Tests\Tests.csproj", "{FD4F27DA-FECC-4323-968D-97AAA4CF6B6D}"
EndProject
Global
	GlobalSection(SolutionConfigurationPlatforms) = preSolution
		Debug|Any CPU = Debug|Any CPU
		Release|Any CPU = Release|Any CPU
	EndGlobalSection
	GlobalSection(ProjectConfigurationPlatforms) = postSolution
		{E94C2D5B-52BB-44AB-AA90-02FBB6BC55FA}.Debug|Any CPU.ActiveCfg = Debug|Any CPU
		{E94C2D5B-52BB-44AB-AA90-02FBB6BC55FA}.Debug|Any CPU.Build.0 = Debug|Any CPU
		{E94C2D5B-52BB-44AB-AA90-02FBB6BC55FA}.Release|Any CPU.ActiveCfg = Release|Any CPU
		{E94C2D5B-52BB-44AB-AA90-02FBB6BC55FA}.Release|Any CPU.Build.0 = Release|Any CPU
		{6D3EFDCE-6D15-43A3-8ABC-2AC8D889617B}.Debug|Any CPU.ActiveCfg = Debug|Any CPU
		{6D3EFDCE-6D15-43A3-8ABC-2AC8D889617B}.Debug|Any CPU.Build.0 = Debug|Any CPU
		{6D3EFDCE-6D15-43A3-8ABC-2AC8D889617B}.Release|Any CPU.ActiveCfg = Release|Any CPU
		{6D3EFDCE-6D15-43A3-8ABC-2AC8D889617B}.Release|Any CPU.Build.0 = Release|Any CPU
		{3AFC57B3-1242-4459-A546-1ADD8203854F}.Debug|Any CPU.ActiveCfg = Debug|Any CPU
		{3AFC57B3-1242-4459-A546-1ADD8203854F}.Debug|Any CPU.Build.0 = Debug|Any CPU
		{3AFC57B3-1242-4459-A546-1ADD8203854F}.Release|Any CPU.ActiveCfg = Release|Any CPU
		{3AFC57B3-1242-4459-A546-1ADD8203854F}.Release|Any CPU.Build.0 = Release|Any CPU
		{B059CCA9-E9F3-4665-9152-8491CB5C097B}.Debug|Any CPU.ActiveCfg = Debug|Any CPU
		{B059CCA9-E9F3-4665-9152-8491CB5C097B}.Debug|Any CPU.Build.0 = Debug|Any CPU
		{B059CCA9-E9F3-4665-9152-8491CB5C097B}.Release|Any CPU.ActiveCfg = Release|Any CPU
		{B059CCA9-E9F3-4665-9152-8491CB5C097B}.Release|Any CPU.Build.0 = Release|Any CPU
		{FD4F27DA-FECC-4323-968D-97AAA4CF6B6D}.Debug|Any CPU.ActiveCfg = Debug|Any CPU
		{FD4F27DA-FECC-4323-968D-97AAA4CF6B6D}.Debug|Any CPU.Build.0 = Debug|Any CPU
		{FD4F27DA-FECC-4323-968D-97AAA4CF6B6D}.Release|Any CPU.ActiveCfg = Release|Any CPU
		{FD4F27DA-FECC-4323-968D-97AAA4CF6B6D}.Release|Any CPU.Build.0 = Release|Any CPU
	EndGlobalSection
	GlobalSection(SolutionProperties) = preSolution
		HideSolutionNode = FALSE
	EndGlobalSection
	GlobalSection(ExtensibilityGlobals) = postSolution
		SolutionGuid = {C5975837-F4F0-41FD-A1A0-5FFEF7E81EF9}
	EndGlobalSection
EndGlobal
